
Microsoft Visual Studio Solution File, Format Version 12.00
# Visual Studio 2012
Project("{F184B08F-C81C-45F6-A57F-5ABD9991F28F}") = "Document.Editor", "Document.Editor\Document.Editor.vbproj", "{94ACCA65-318A-4174-9EC6-B708C085F8CA}"
	ProjectSection(ProjectDependencies) = postProject
		{68808E84-334D-47D5-ADCB-F6624232BBFB} = {68808E84-334D-47D5-ADCB-F6624232BBFB}
	EndProjectSection
EndProject
Project("{FAE04EC0-301F-11D3-BF4B-00C04F79EFBC}") = "DocEdLib", "DocEdLib\DocEdLib.csproj", "{68808E84-334D-47D5-ADCB-F6624232BBFB}"
EndProject
Global
	GlobalSection(SolutionConfigurationPlatforms) = preSolution
		Debug|Any CPU = Debug|Any CPU
		Debug|x64 = Debug|x64
		Debug|x86 = Debug|x86
		Release|Any CPU = Release|Any CPU
		Release|x64 = Release|x64
		Release|x86 = Release|x86
	EndGlobalSection
	GlobalSection(ProjectConfigurationPlatforms) = postSolution
		{94ACCA65-318A-4174-9EC6-B708C085F8CA}.Debug|Any CPU.ActiveCfg = Debug|Any CPU
		{94ACCA65-318A-4174-9EC6-B708C085F8CA}.Debug|Any CPU.Build.0 = Debug|Any CPU
		{94ACCA65-318A-4174-9EC6-B708C085F8CA}.Debug|x64.ActiveCfg = Debug|x64
		{94ACCA65-318A-4174-9EC6-B708C085F8CA}.Debug|x64.Build.0 = Debug|x64
		{94ACCA65-318A-4174-9EC6-B708C085F8CA}.Debug|x86.ActiveCfg = Debug|x86
		{94ACCA65-318A-4174-9EC6-B708C085F8CA}.Debug|x86.Build.0 = Debug|x86
		{94ACCA65-318A-4174-9EC6-B708C085F8CA}.Release|Any CPU.ActiveCfg = Release|Any CPU
		{94ACCA65-318A-4174-9EC6-B708C085F8CA}.Release|Any CPU.Build.0 = Release|Any CPU
		{94ACCA65-318A-4174-9EC6-B708C085F8CA}.Release|x64.ActiveCfg = Release|x64
		{94ACCA65-318A-4174-9EC6-B708C085F8CA}.Release|x64.Build.0 = Release|x64
		{94ACCA65-318A-4174-9EC6-B708C085F8CA}.Release|x86.ActiveCfg = Release|x86
		{94ACCA65-318A-4174-9EC6-B708C085F8CA}.Release|x86.Build.0 = Release|x86
		{68808E84-334D-47D5-ADCB-F6624232BBFB}.Debug|Any CPU.ActiveCfg = Debug|Any CPU
		{68808E84-334D-47D5-ADCB-F6624232BBFB}.Debug|Any CPU.Build.0 = Debug|Any CPU
		{68808E84-334D-47D5-ADCB-F6624232BBFB}.Debug|x64.ActiveCfg = Debug|Any CPU
		{68808E84-334D-47D5-ADCB-F6624232BBFB}.Debug|x86.ActiveCfg = Debug|Any CPU
		{68808E84-334D-47D5-ADCB-F6624232BBFB}.Release|Any CPU.ActiveCfg = Release|Any CPU
		{68808E84-334D-47D5-ADCB-F6624232BBFB}.Release|Any CPU.Build.0 = Release|Any CPU
		{68808E84-334D-47D5-ADCB-F6624232BBFB}.Release|x64.ActiveCfg = Release|Any CPU
		{68808E84-334D-47D5-ADCB-F6624232BBFB}.Release|x86.ActiveCfg = Release|Any CPU
	EndGlobalSection
	GlobalSection(SolutionProperties) = preSolution
		HideSolutionNode = FALSE
	EndGlobalSection
EndGlobal
